
Microsoft Visual Studio Solution File, Format Version 12.00
# Visual Studio Version 16
VisualStudioVersion = 16.0.30804.86
MinimumVisualStudioVersion = 10.0.40219.1
Project("{9A19103F-16F7-4668-BE54-9A1E7A4F7556}") = "ConsoleApp", "ConsoleApp\ConsoleApp.csproj", "{672A449B-4CAA-40ED-9B99-4237C383A9C6}"
EndProject
Project("{9A19103F-16F7-4668-BE54-9A1E7A4F7556}") = "DiffBetweenStructAndClass", "DiffBetweenStructAndClass\DiffBetweenStructAndClass.csproj", "{AD953040-BC79-4E1C-8731-84250896335A}"
EndProject
Project("{9A19103F-16F7-4668-BE54-9A1E7A4F7556}") = "ToDoList", "ToDoList\ToDoList.csproj", "{EFC25C34-6380-4013-9744-E7FBF66BD5A1}"
EndProject
Project("{9A19103F-16F7-4668-BE54-9A1E7A4F7556}") = "HuntTheWumpus", "HuntTheWumpus\HuntTheWumpus.csproj", "{B4417D7D-3369-453E-B84F-5BB86F385C8E}"
EndProject
Project("{9A19103F-16F7-4668-BE54-9A1E7A4F7556}") = "BoxingUnboxing", "BoxingUnboxing\BoxingUnboxing.csproj", "{483A7E17-12CF-43F7-A2F0-F3690B0DBBB5}"
EndProject
Project("{9A19103F-16F7-4668-BE54-9A1E7A4F7556}") = "MyListImplementation", "MyListImplementation\MyListImplementation.csproj", "{C91F51FB-A39D-4E06-92B7-03A715BA2E97}"
EndProject
Project("{9A19103F-16F7-4668-BE54-9A1E7A4F7556}") = "NullableTypes", "Lessons\NullableTypes\NullableTypes.csproj", "{BAC64798-37D1-4B3D-BA49-5A080E3E6D09}"
EndProject
Project("{2150E333-8FDC-42A3-9474-1A3956D46DE8}") = "Lessons", "Lessons", "{5ED0CD91-CF7B-4178-A48C-2D4EE97B4C56}"
EndProject
Project("{9A19103F-16F7-4668-BE54-9A1E7A4F7556}") = "BlackJack.CLI", "Lessons\BlackJack.CLI\BlackJack.CLI.csproj", "{78BA46CB-12D5-4021-A239-CC0512F5A6D5}"
EndProject
Project("{9A19103F-16F7-4668-BE54-9A1E7A4F7556}") = "BlackJack", "BlackJack\BlackJack.csproj", "{50A23834-8788-4BD6-B95A-19A53664CEFD}"
EndProject
Project("{9A19103F-16F7-4668-BE54-9A1E7A4F7556}") = "VarAndLinq", "VarAndLinq\VarAndLinq.csproj", "{65395CCC-ED9B-47A1-B333-54F272656015}"
EndProject
Project("{9A19103F-16F7-4668-BE54-9A1E7A4F7556}") = "Client", "Client\Client.csproj", "{F1353481-515D-4458-A790-92FEC7D8C4A9}"
EndProject
Project("{9A19103F-16F7-4668-BE54-9A1E7A4F7556}") = "Server", "Server\Server.csproj", "{218DD697-D8F7-4E73-B797-2F409BDC7410}"
EndProject
Project("{9A19103F-16F7-4668-BE54-9A1E7A4F7556}") = "ToDoServer", "ToDoServer\ToDoServer.csproj", "{36538CBD-01C3-49C9-9ECE-60E4753ADBB7}"
EndProject
Project("{9A19103F-16F7-4668-BE54-9A1E7A4F7556}") = "ToDoClient", "ToDoClient\ToDoClient.csproj", "{9E0142C7-3165-42F9-9654-EDDFDC4FAA09}"
EndProject
Project("{9A19103F-16F7-4668-BE54-9A1E7A4F7556}") = "Delegates", "Delegates\Delegates.csproj", "{AA4AAFA7-4290-4DB3-A9C4-6C4DBDC7962B}"
EndProject
Project("{9A19103F-16F7-4668-BE54-9A1E7A4F7556}") = "ExceptionsExtensionsEvents", "ExceptionsExtensionsEvents\ExceptionsExtensionsEvents.csproj", "{C4877D7E-A746-4889-9019-99E3FB3D162D}"
EndProject
Project("{2150E333-8FDC-42A3-9474-1A3956D46DE8}") = "CafeForDevs", "CafeForDevs", "{718A43CA-5F1F-40D3-8ECD-046470127B8A}"
EndProject
Project("{FAE04EC0-301F-11D3-BF4B-00C04F79EFBC}") = "CafeForDevs.Client", "CafeForDevs\CafeForDevs.Client\CafeForDevs.Client.csproj", "{98ABD184-AF2E-429A-9DC6-8D39827A3193}"
EndProject
Project("{FAE04EC0-301F-11D3-BF4B-00C04F79EFBC}") = "CafeForDevs.Server", "CafeForDevs\CafeForDevs.Server\CafeForDevs.Server.csproj", "{1AFEAC36-1474-4DD6-AE13-03C30712E746}"
EndProject
Project("{FAE04EC0-301F-11D3-BF4B-00C04F79EFBC}") = "CafeForDevs.Models", "CafeForDevs\CafeForDevs.Models\CafeForDevs.Models.csproj", "{C83DD383-411B-47AE-9D6E-F7A234ED3C6A}"
EndProject
Global
	GlobalSection(SolutionConfigurationPlatforms) = preSolution
		Debug|Any CPU = Debug|Any CPU
		Release|Any CPU = Release|Any CPU
	EndGlobalSection
	GlobalSection(ProjectConfigurationPlatforms) = postSolution
		{672A449B-4CAA-40ED-9B99-4237C383A9C6}.Debug|Any CPU.ActiveCfg = Debug|Any CPU
		{672A449B-4CAA-40ED-9B99-4237C383A9C6}.Debug|Any CPU.Build.0 = Debug|Any CPU
		{672A449B-4CAA-40ED-9B99-4237C383A9C6}.Release|Any CPU.ActiveCfg = Release|Any CPU
		{672A449B-4CAA-40ED-9B99-4237C383A9C6}.Release|Any CPU.Build.0 = Release|Any CPU
		{AD953040-BC79-4E1C-8731-84250896335A}.Debug|Any CPU.ActiveCfg = Debug|Any CPU
		{AD953040-BC79-4E1C-8731-84250896335A}.Debug|Any CPU.Build.0 = Debug|Any CPU
		{AD953040-BC79-4E1C-8731-84250896335A}.Release|Any CPU.ActiveCfg = Release|Any CPU
		{AD953040-BC79-4E1C-8731-84250896335A}.Release|Any CPU.Build.0 = Release|Any CPU
		{EFC25C34-6380-4013-9744-E7FBF66BD5A1}.Debug|Any CPU.ActiveCfg = Debug|Any CPU
		{EFC25C34-6380-4013-9744-E7FBF66BD5A1}.Debug|Any CPU.Build.0 = Debug|Any CPU
		{EFC25C34-6380-4013-9744-E7FBF66BD5A1}.Release|Any CPU.ActiveCfg = Release|Any CPU
		{EFC25C34-6380-4013-9744-E7FBF66BD5A1}.Release|Any CPU.Build.0 = Release|Any CPU
		{B4417D7D-3369-453E-B84F-5BB86F385C8E}.Debug|Any CPU.ActiveCfg = Debug|Any CPU
		{B4417D7D-3369-453E-B84F-5BB86F385C8E}.Debug|Any CPU.Build.0 = Debug|Any CPU
		{B4417D7D-3369-453E-B84F-5BB86F385C8E}.Release|Any CPU.ActiveCfg = Release|Any CPU
		{B4417D7D-3369-453E-B84F-5BB86F385C8E}.Release|Any CPU.Build.0 = Release|Any CPU
		{483A7E17-12CF-43F7-A2F0-F3690B0DBBB5}.Debug|Any CPU.ActiveCfg = Debug|Any CPU
		{483A7E17-12CF-43F7-A2F0-F3690B0DBBB5}.Debug|Any CPU.Build.0 = Debug|Any CPU
		{483A7E17-12CF-43F7-A2F0-F3690B0DBBB5}.Release|Any CPU.ActiveCfg = Release|Any CPU
		{483A7E17-12CF-43F7-A2F0-F3690B0DBBB5}.Release|Any CPU.Build.0 = Release|Any CPU
		{C91F51FB-A39D-4E06-92B7-03A715BA2E97}.Debug|Any CPU.ActiveCfg = Debug|Any CPU
		{C91F51FB-A39D-4E06-92B7-03A715BA2E97}.Debug|Any CPU.Build.0 = Debug|Any CPU
		{C91F51FB-A39D-4E06-92B7-03A715BA2E97}.Release|Any CPU.ActiveCfg = Release|Any CPU
		{C91F51FB-A39D-4E06-92B7-03A715BA2E97}.Release|Any CPU.Build.0 = Release|Any CPU
		{BAC64798-37D1-4B3D-BA49-5A080E3E6D09}.Debug|Any CPU.ActiveCfg = Debug|Any CPU
		{BAC64798-37D1-4B3D-BA49-5A080E3E6D09}.Debug|Any CPU.Build.0 = Debug|Any CPU
		{BAC64798-37D1-4B3D-BA49-5A080E3E6D09}.Release|Any CPU.ActiveCfg = Release|Any CPU
		{BAC64798-37D1-4B3D-BA49-5A080E3E6D09}.Release|Any CPU.Build.0 = Release|Any CPU
		{78BA46CB-12D5-4021-A239-CC0512F5A6D5}.Debug|Any CPU.ActiveCfg = Debug|Any CPU
		{78BA46CB-12D5-4021-A239-CC0512F5A6D5}.Debug|Any CPU.Build.0 = Debug|Any CPU
		{78BA46CB-12D5-4021-A239-CC0512F5A6D5}.Release|Any CPU.ActiveCfg = Release|Any CPU
		{78BA46CB-12D5-4021-A239-CC0512F5A6D5}.Release|Any CPU.Build.0 = Release|Any CPU
		{50A23834-8788-4BD6-B95A-19A53664CEFD}.Debug|Any CPU.ActiveCfg = Debug|Any CPU
		{50A23834-8788-4BD6-B95A-19A53664CEFD}.Debug|Any CPU.Build.0 = Debug|Any CPU
		{50A23834-8788-4BD6-B95A-19A53664CEFD}.Release|Any CPU.ActiveCfg = Release|Any CPU
		{50A23834-8788-4BD6-B95A-19A53664CEFD}.Release|Any CPU.Build.0 = Release|Any CPU
		{65395CCC-ED9B-47A1-B333-54F272656015}.Debug|Any CPU.ActiveCfg = Debug|Any CPU
		{65395CCC-ED9B-47A1-B333-54F272656015}.Debug|Any CPU.Build.0 = Debug|Any CPU
		{65395CCC-ED9B-47A1-B333-54F272656015}.Release|Any CPU.ActiveCfg = Release|Any CPU
		{65395CCC-ED9B-47A1-B333-54F272656015}.Release|Any CPU.Build.0 = Release|Any CPU
		{F1353481-515D-4458-A790-92FEC7D8C4A9}.Debug|Any CPU.ActiveCfg = Debug|Any CPU
		{F1353481-515D-4458-A790-92FEC7D8C4A9}.Debug|Any CPU.Build.0 = Debug|Any CPU
		{F1353481-515D-4458-A790-92FEC7D8C4A9}.Release|Any CPU.ActiveCfg = Release|Any CPU
		{F1353481-515D-4458-A790-92FEC7D8C4A9}.Release|Any CPU.Build.0 = Release|Any CPU
		{218DD697-D8F7-4E73-B797-2F409BDC7410}.Debug|Any CPU.ActiveCfg = Debug|Any CPU
		{218DD697-D8F7-4E73-B797-2F409BDC7410}.Debug|Any CPU.Build.0 = Debug|Any CPU
		{218DD697-D8F7-4E73-B797-2F409BDC7410}.Release|Any CPU.ActiveCfg = Release|Any CPU
		{218DD697-D8F7-4E73-B797-2F409BDC7410}.Release|Any CPU.Build.0 = Release|Any CPU
		{36538CBD-01C3-49C9-9ECE-60E4753ADBB7}.Debug|Any CPU.ActiveCfg = Debug|Any CPU
		{36538CBD-01C3-49C9-9ECE-60E4753ADBB7}.Debug|Any CPU.Build.0 = Debug|Any CPU
		{36538CBD-01C3-49C9-9ECE-60E4753ADBB7}.Release|Any CPU.ActiveCfg = Release|Any CPU
		{36538CBD-01C3-49C9-9ECE-60E4753ADBB7}.Release|Any CPU.Build.0 = Release|Any CPU
		{9E0142C7-3165-42F9-9654-EDDFDC4FAA09}.Debug|Any CPU.ActiveCfg = Debug|Any CPU
		{9E0142C7-3165-42F9-9654-EDDFDC4FAA09}.Debug|Any CPU.Build.0 = Debug|Any CPU
		{9E0142C7-3165-42F9-9654-EDDFDC4FAA09}.Release|Any CPU.ActiveCfg = Release|Any CPU
		{9E0142C7-3165-42F9-9654-EDDFDC4FAA09}.Release|Any CPU.Build.0 = Release|Any CPU
		{AA4AAFA7-4290-4DB3-A9C4-6C4DBDC7962B}.Debug|Any CPU.ActiveCfg = Debug|Any CPU
		{AA4AAFA7-4290-4DB3-A9C4-6C4DBDC7962B}.Debug|Any CPU.Build.0 = Debug|Any CPU
		{AA4AAFA7-4290-4DB3-A9C4-6C4DBDC7962B}.Release|Any CPU.ActiveCfg = Release|Any CPU
		{AA4AAFA7-4290-4DB3-A9C4-6C4DBDC7962B}.Release|Any CPU.Build.0 = Release|Any CPU
		{C4877D7E-A746-4889-9019-99E3FB3D162D}.Debug|Any CPU.ActiveCfg = Debug|Any CPU
		{C4877D7E-A746-4889-9019-99E3FB3D162D}.Debug|Any CPU.Build.0 = Debug|Any CPU
		{C4877D7E-A746-4889-9019-99E3FB3D162D}.Release|Any CPU.ActiveCfg = Release|Any CPU
		{C4877D7E-A746-4889-9019-99E3FB3D162D}.Release|Any CPU.Build.0 = Release|Any CPU
		{98ABD184-AF2E-429A-9DC6-8D39827A3193}.Debug|Any CPU.ActiveCfg = Debug|Any CPU
		{98ABD184-AF2E-429A-9DC6-8D39827A3193}.Debug|Any CPU.Build.0 = Debug|Any CPU
		{98ABD184-AF2E-429A-9DC6-8D39827A3193}.Release|Any CPU.ActiveCfg = Release|Any CPU
		{98ABD184-AF2E-429A-9DC6-8D39827A3193}.Release|Any CPU.Build.0 = Release|Any CPU
		{1AFEAC36-1474-4DD6-AE13-03C30712E746}.Debug|Any CPU.ActiveCfg = Debug|Any CPU
		{1AFEAC36-1474-4DD6-AE13-03C30712E746}.Debug|Any CPU.Build.0 = Debug|Any CPU
		{1AFEAC36-1474-4DD6-AE13-03C30712E746}.Release|Any CPU.ActiveCfg = Release|Any CPU
		{1AFEAC36-1474-4DD6-AE13-03C30712E746}.Release|Any CPU.Build.0 = Release|Any CPU
		{C83DD383-411B-47AE-9D6E-F7A234ED3C6A}.Debug|Any CPU.ActiveCfg = Debug|Any CPU
		{C83DD383-411B-47AE-9D6E-F7A234ED3C6A}.Debug|Any CPU.Build.0 = Debug|Any CPU
		{C83DD383-411B-47AE-9D6E-F7A234ED3C6A}.Release|Any CPU.ActiveCfg = Release|Any CPU
		{C83DD383-411B-47AE-9D6E-F7A234ED3C6A}.Release|Any CPU.Build.0 = Release|Any CPU
	EndGlobalSection
	GlobalSection(SolutionProperties) = preSolution
		HideSolutionNode = FALSE
	EndGlobalSection
	GlobalSection(NestedProjects) = preSolution
		{BAC64798-37D1-4B3D-BA49-5A080E3E6D09} = {5ED0CD91-CF7B-4178-A48C-2D4EE97B4C56}
		{78BA46CB-12D5-4021-A239-CC0512F5A6D5} = {5ED0CD91-CF7B-4178-A48C-2D4EE97B4C56}
		{50A23834-8788-4BD6-B95A-19A53664CEFD} = {5ED0CD91-CF7B-4178-A48C-2D4EE97B4C56}
		{65395CCC-ED9B-47A1-B333-54F272656015} = {5ED0CD91-CF7B-4178-A48C-2D4EE97B4C56}
		{F1353481-515D-4458-A790-92FEC7D8C4A9} = {5ED0CD91-CF7B-4178-A48C-2D4EE97B4C56}
		{218DD697-D8F7-4E73-B797-2F409BDC7410} = {5ED0CD91-CF7B-4178-A48C-2D4EE97B4C56}
		{36538CBD-01C3-49C9-9ECE-60E4753ADBB7} = {5ED0CD91-CF7B-4178-A48C-2D4EE97B4C56}
		{9E0142C7-3165-42F9-9654-EDDFDC4FAA09} = {5ED0CD91-CF7B-4178-A48C-2D4EE97B4C56}
		{AA4AAFA7-4290-4DB3-A9C4-6C4DBDC7962B} = {5ED0CD91-CF7B-4178-A48C-2D4EE97B4C56}
		{C4877D7E-A746-4889-9019-99E3FB3D162D} = {5ED0CD91-CF7B-4178-A48C-2D4EE97B4C56}
		{718A43CA-5F1F-40D3-8ECD-046470127B8A} = {5ED0CD91-CF7B-4178-A48C-2D4EE97B4C56}
		{98ABD184-AF2E-429A-9DC6-8D39827A3193} = {718A43CA-5F1F-40D3-8ECD-046470127B8A}
		{1AFEAC36-1474-4DD6-AE13-03C30712E746} = {718A43CA-5F1F-40D3-8ECD-046470127B8A}
		{C83DD383-411B-47AE-9D6E-F7A234ED3C6A} = {718A43CA-5F1F-40D3-8ECD-046470127B8A}
	EndGlobalSection
	GlobalSection(ExtensibilityGlobals) = postSolution
		SolutionGuid = {A1E4D244-6987-464D-B47E-3F159C9C2209}
	EndGlobalSection
EndGlobal
